
Microsoft Visual Studio Solution File, Format Version 12.00
# Visual Studio Version 16
VisualStudioVersion = 16.0.31321.278
MinimumVisualStudioVersion = 10.0.40219.1
Project("{FAE04EC0-301F-11D3-BF4B-00C04F79EFBC}") = "helloWebapp", "helloWebapp\helloWebapp.csproj", "{14C55D11-7F3F-4417-ACB8-037B25EAE445}"
EndProject
Global
	GlobalSection(SolutionConfigurationPlatforms) = preSolution
		Debug|Any CPU = Debug|Any CPU
		Release|Any CPU = Release|Any CPU
	EndGlobalSection
	GlobalSection(ProjectConfigurationPlatforms) = postSolution
		{14C55D11-7F3F-4417-ACB8-037B25EAE445}.Debug|Any CPU.ActiveCfg = Debug|Any CPU
		{14C55D11-7F3F-4417-ACB8-037B25EAE445}.Debug|Any CPU.Build.0 = Debug|Any CPU
		{14C55D11-7F3F-4417-ACB8-037B25EAE445}.Release|Any CPU.ActiveCfg = Release|Any CPU
		{14C55D11-7F3F-4417-ACB8-037B25EAE445}.Release|Any CPU.Build.0 = Release|Any CPU
	EndGlobalSection
	GlobalSection(SolutionProperties) = preSolution
		HideSolutionNode = FALSE
	EndGlobalSection
	GlobalSection(ExtensibilityGlobals) = postSolution
		SolutionGuid = {B06D37FD-063E-4083-8604-87C11443B7C0}
	EndGlobalSection
EndGlobal
